// !$*UTF8*$!
{
	archiveVersion = 1;
	classes = {
	};
	objectVersion = 56;
	objects = {

/* Begin PBXBuildFile section */
		706B689D2A85062600A5A053 /* GoogleService-Info.plist in Resources */ = {isa = PBXBuildFile; fileRef = 706B689C2A85062600A5A053 /* GoogleService-Info.plist */; };
		706B68A02A852FBF00A5A053 /* URLImage in Frameworks */ = {isa = PBXBuildFile; productRef = 706B689F2A852FBF00A5A053 /* URLImage */; };
		706B68A22A85313500A5A053 /* CarRowView.swift in Sources */ = {isa = PBXBuildFile; fileRef = 706B68A12A85313500A5A053 /* CarRowView.swift */; };
		706B68A62A854C9E00A5A053 /* DetailCarView.swift in Sources */ = {isa = PBXBuildFile; fileRef = 706B68A52A854C9E00A5A053 /* DetailCarView.swift */; };
		706B68AC2A8579F700A5A053 /* UpdateInfoCar.swift in Sources */ = {isa = PBXBuildFile; fileRef = 706B68AB2A8579F700A5A053 /* UpdateInfoCar.swift */; };
		706B68AE2A857A9700A5A053 /* UpdateInfoCarViewModel.swift in Sources */ = {isa = PBXBuildFile; fileRef = 706B68AD2A857A9700A5A053 /* UpdateInfoCarViewModel.swift */; };
		70957D1C2A84FFB80061DB52 /* CarModel.swift in Sources */ = {isa = PBXBuildFile; fileRef = 70957D1B2A84FFB80061DB52 /* CarModel.swift */; };
		70957D1E2A8500EA0061DB52 /* CarsViewModel.swift in Sources */ = {isa = PBXBuildFile; fileRef = 70957D1D2A8500EA0061DB52 /* CarsViewModel.swift */; };
		70E8F3332A838A750043E585 /* CarSelectionAppCRUDApp.swift in Sources */ = {isa = PBXBuildFile; fileRef = 70E8F3322A838A750043E585 /* CarSelectionAppCRUDApp.swift */; };
		70E8F3352A838A750043E585 /* ContentView.swift in Sources */ = {isa = PBXBuildFile; fileRef = 70E8F3342A838A750043E585 /* ContentView.swift */; };
		70E8F3372A838A750043E585 /* Assets.xcassets in Resources */ = {isa = PBXBuildFile; fileRef = 70E8F3362A838A750043E585 /* Assets.xcassets */; };
		70E8F33A2A838A750043E585 /* Preview Assets.xcassets in Resources */ = {isa = PBXBuildFile; fileRef = 70E8F3392A838A750043E585 /* Preview Assets.xcassets */; };
		70E8F33C2A838A750043E585 /* Persistence.swift in Sources */ = {isa = PBXBuildFile; fileRef = 70E8F33B2A838A750043E585 /* Persistence.swift */; };
		70E8F33F2A838A750043E585 /* CarSelectionAppCRUD.xcdatamodeld in Sources */ = {isa = PBXBuildFile; fileRef = 70E8F33D2A838A750043E585 /* CarSelectionAppCRUD.xcdatamodeld */; };
		70E8F3492A84DF890043E585 /* FirebaseDatabase in Frameworks */ = {isa = PBXBuildFile; productRef = 70E8F3482A84DF890043E585 /* FirebaseDatabase */; };
		70E8F34B2A84DF890043E585 /* FirebaseFirestore in Frameworks */ = {isa = PBXBuildFile; productRef = 70E8F34A2A84DF890043E585 /* FirebaseFirestore */; };
		70E8F34D2A84DF890043E585 /* FirebaseFirestoreSwift in Frameworks */ = {isa = PBXBuildFile; productRef = 70E8F34C2A84DF890043E585 /* FirebaseFirestoreSwift */; };
/* End PBXBuildFile section */

/* Begin PBXFileReference section */
		706B689C2A85062600A5A053 /* GoogleService-Info.plist */ = {isa = PBXFileReference; fileEncoding = 4; lastKnownFileType = text.plist.xml; name = "GoogleService-Info.plist"; path = "../../../Downloads/GoogleService-Info.plist"; sourceTree = "<group>"; };
		706B68A12A85313500A5A053 /* CarRowView.swift */ = {isa = PBXFileReference; lastKnownFileType = sourcecode.swift; path = CarRowView.swift; sourceTree = "<group>"; };
		706B68A52A854C9E00A5A053 /* DetailCarView.swift */ = {isa = PBXFileReference; lastKnownFileType = sourcecode.swift; path = DetailCarView.swift; sourceTree = "<group>"; };
		706B68AB2A8579F700A5A053 /* UpdateInfoCar.swift */ = {isa = PBXFileReference; lastKnownFileType = sourcecode.swift; path = UpdateInfoCar.swift; sourceTree = "<group>"; };
		706B68AD2A857A9700A5A053 /* UpdateInfoCarViewModel.swift */ = {isa = PBXFileReference; lastKnownFileType = sourcecode.swift; path = UpdateInfoCarViewModel.swift; sourceTree = "<group>"; };
		70957D1B2A84FFB80061DB52 /* CarModel.swift */ = {isa = PBXFileReference; lastKnownFileType = sourcecode.swift; path = CarModel.swift; sourceTree = "<group>"; };
		70957D1D2A8500EA0061DB52 /* CarsViewModel.swift */ = {isa = PBXFileReference; lastKnownFileType = sourcecode.swift; path = CarsViewModel.swift; sourceTree = "<group>"; };
		70E8F32F2A838A750043E585 /* CarSelectionAppCRUD.app */ = {isa = PBXFileReference; explicitFileType = wrapper.application; includeInIndex = 0; path = CarSelectionAppCRUD.app; sourceTree = BUILT_PRODUCTS_DIR; };
		70E8F3322A838A750043E585 /* CarSelectionAppCRUDApp.swift */ = {isa = PBXFileReference; lastKnownFileType = sourcecode.swift; path = CarSelectionAppCRUDApp.swift; sourceTree = "<group>"; };
		70E8F3342A838A750043E585 /* ContentView.swift */ = {isa = PBXFileReference; lastKnownFileType = sourcecode.swift; path = ContentView.swift; sourceTree = "<group>"; };
		70E8F3362A838A750043E585 /* Assets.xcassets */ = {isa = PBXFileReference; lastKnownFileType = folder.assetcatalog; path = Assets.xcassets; sourceTree = "<group>"; };
		70E8F3392A838A750043E585 /* Preview Assets.xcassets */ = {isa = PBXFileReference; lastKnownFileType = folder.assetcatalog; path = "Preview Assets.xcassets"; sourceTree = "<group>"; };
		70E8F33B2A838A750043E585 /* Persistence.swift */ = {isa = PBXFileReference; lastKnownFileType = sourcecode.swift; path = Persistence.swift; sourceTree = "<group>"; };
		70E8F33E2A838A750043E585 /* CarSelectionAppCRUD.xcdatamodel */ = {isa = PBXFileReference; lastKnownFileType = wrapper.xcdatamodel; path = CarSelectionAppCRUD.xcdatamodel; sourceTree = "<group>"; };
/* End PBXFileReference section */

/* Begin PBXFrameworksBuildPhase section */
		70E8F32C2A838A750043E585 /* Frameworks */ = {
			isa = PBXFrameworksBuildPhase;
			buildActionMask = 2147483647;
			files = (
				70E8F3492A84DF890043E585 /* FirebaseDatabase in Frameworks */,
				70E8F34B2A84DF890043E585 /* FirebaseFirestore in Frameworks */,
				706B68A02A852FBF00A5A053 /* URLImage in Frameworks */,
				70E8F34D2A84DF890043E585 /* FirebaseFirestoreSwift in Frameworks */,
			);
			runOnlyForDeploymentPostprocessing = 0;
		};
/* End PBXFrameworksBuildPhase section */

/* Begin PBXGroup section */
		70957D172A84FF2D0061DB52 /* Model */ = {
			isa = PBXGroup;
			children = (
				70957D1B2A84FFB80061DB52 /* CarModel.swift */,
			);
			path = Model;
			sourceTree = "<group>";
		};
		70957D182A84FF3B0061DB52 /* View */ = {
			isa = PBXGroup;
			children = (
				70E8F3342A838A750043E585 /* ContentView.swift */,
				706B68A12A85313500A5A053 /* CarRowView.swift */,
				706B68A52A854C9E00A5A053 /* DetailCarView.swift */,
				706B68AB2A8579F700A5A053 /* UpdateInfoCar.swift */,
			);
			path = View;
			sourceTree = "<group>";
		};
		70957D192A84FF420061DB52 /* ViewModel */ = {
			isa = PBXGroup;
			children = (
				70957D1D2A8500EA0061DB52 /* CarsViewModel.swift */,
				706B68AD2A857A9700A5A053 /* UpdateInfoCarViewModel.swift */,
			);
			path = ViewModel;
			sourceTree = "<group>";
		};
		70E8F3262A838A750043E585 = {
			isa = PBXGroup;
			children = (
				70E8F3312A838A750043E585 /* CarSelectionAppCRUD */,
				70E8F3302A838A750043E585 /* Products */,
			);
			sourceTree = "<group>";
		};
		70E8F3302A838A750043E585 /* Products */ = {
			isa = PBXGroup;
			children = (
				70E8F32F2A838A750043E585 /* CarSelectionAppCRUD.app */,
			);
			name = Products;
			sourceTree = "<group>";
		};
		70E8F3312A838A750043E585 /* CarSelectionAppCRUD */ = {
			isa = PBXGroup;
			children = (
				706B689C2A85062600A5A053 /* GoogleService-Info.plist */,
				70957D192A84FF420061DB52 /* ViewModel */,
				70957D182A84FF3B0061DB52 /* View */,
				70957D172A84FF2D0061DB52 /* Model */,
				70E8F3322A838A750043E585 /* CarSelectionAppCRUDApp.swift */,
				70E8F3362A838A750043E585 /* Assets.xcassets */,
				70E8F33B2A838A750043E585 /* Persistence.swift */,
				70E8F33D2A838A750043E585 /* CarSelectionAppCRUD.xcdatamodeld */,
				70E8F3382A838A750043E585 /* Preview Content */,
			);
			path = CarSelectionAppCRUD;
			sourceTree = "<group>";
		};
		70E8F3382A838A750043E585 /* Preview Content */ = {
			isa = PBXGroup;
			children = (
				70E8F3392A838A750043E585 /* Preview Assets.xcassets */,
			);
			path = "Preview Content";
			sourceTree = "<group>";
		};
/* End PBXGroup section */

/* Begin PBXNativeTarget section */
		70E8F32E2A838A750043E585 /* CarSelectionAppCRUD */ = {
			isa = PBXNativeTarget;
			buildConfigurationList = 70E8F3422A838A750043E585 /* Build configuration list for PBXNativeTarget "CarSelectionAppCRUD" */;
			buildPhases = (
				70E8F32B2A838A750043E585 /* Sources */,
				70E8F32C2A838A750043E585 /* Frameworks */,
				70E8F32D2A838A750043E585 /* Resources */,
			);
			buildRules = (
			);
			dependencies = (
			);
			name = CarSelectionAppCRUD;
			packageProductDependencies = (
				70E8F3482A84DF890043E585 /* FirebaseDatabase */,
				70E8F34A2A84DF890043E585 /* FirebaseFirestore */,
				70E8F34C2A84DF890043E585 /* FirebaseFirestoreSwift */,
				706B689F2A852FBF00A5A053 /* URLImage */,
			);
			productName = CarSelectionAppCRUD;
			productReference = 70E8F32F2A838A750043E585 /* CarSelectionAppCRUD.app */;
			productType = "com.apple.product-type.application";
		};
/* End PBXNativeTarget section */

/* Begin PBXProject section */
		70E8F3272A838A750043E585 /* Project object */ = {
			isa = PBXProject;
			attributes = {
				BuildIndependentTargetsInParallel = 1;
				LastSwiftUpdateCheck = 1410;
				LastUpgradeCheck = 1410;
				TargetAttributes = {
					70E8F32E2A838A750043E585 = {
						CreatedOnToolsVersion = 14.1;
					};
				};
			};
			buildConfigurationList = 70E8F32A2A838A750043E585 /* Build configuration list for PBXProject "CarSelectionAppCRUD" */;
			compatibilityVersion = "Xcode 14.0";
			developmentRegion = en;
			hasScannedForEncodings = 0;
			knownRegions = (
				en,
				Base,
			);
			mainGroup = 70E8F3262A838A750043E585;
			packageReferences = (
				70E8F3472A84DF890043E585 /* XCRemoteSwiftPackageReference "firebase-ios-sdk" */,
				706B689E2A852FBF00A5A053 /* XCRemoteSwiftPackageReference "url-image" */,
			);
			productRefGroup = 70E8F3302A838A750043E585 /* Products */;
			projectDirPath = "";
			projectRoot = "";
			targets = (
				70E8F32E2A838A750043E585 /* CarSelectionAppCRUD */,
			);
		};
/* End PBXProject section */

/* Begin PBXResourcesBuildPhase section */
		70E8F32D2A838A750043E585 /* Resources */ = {
			isa = PBXResourcesBuildPhase;
			buildActionMask = 2147483647;
			files = (
				70E8F33A2A838A750043E585 /* Preview Assets.xcassets in Resources */,
				70E8F3372A838A750043E585 /* Assets.xcassets in Resources */,
				706B689D2A85062600A5A053 /* GoogleService-Info.plist in Resources */,
			);
			runOnlyForDeploymentPostprocessing = 0;
		};
/* End PBXResourcesBuildPhase section */

/* Begin PBXSourcesBuildPhase section */
		70E8F32B2A838A750043E585 /* Sources */ = {
			isa = PBXSourcesBuildPhase;
			buildActionMask = 2147483647;
			files = (
				70E8F33C2A838A750043E585 /* Persistence.swift in Sources */,
				70957D1E2A8500EA0061DB52 /* CarsViewModel.swift in Sources */,
				70957D1C2A84FFB80061DB52 /* CarModel.swift in Sources */,
				706B68AC2A8579F700A5A053 /* UpdateInfoCar.swift in Sources */,
				70E8F3352A838A750043E585 /* ContentView.swift in Sources */,
				706B68A62A854C9E00A5A053 /* DetailCarView.swift in Sources */,
				706B68A22A85313500A5A053 /* CarRowView.swift in Sources */,
				706B68AE2A857A9700A5A053 /* UpdateInfoCarViewModel.swift in Sources */,
				70E8F33F2A838A750043E585 /* CarSelectionAppCRUD.xcdatamodeld in Sources */,
				70E8F3332A838A750043E585 /* CarSelectionAppCRUDApp.swift in Sources */,
			);
			runOnlyForDeploymentPostprocessing = 0;
		};
/* End PBXSourcesBuildPhase section */

/* Begin XCBuildConfiguration section */
		70E8F3402A838A750043E585 /* Debug */ = {
			isa = XCBuildConfiguration;
			buildSettings = {
				ALWAYS_SEARCH_USER_PATHS = NO;
				CLANG_ANALYZER_NONNULL = YES;
				CLANG_ANALYZER_NUMBER_OBJECT_CONVERSION = YES_AGGRESSIVE;
				CLANG_CXX_LANGUAGE_STANDARD = "gnu++20";
				CLANG_ENABLE_MODULES = YES;
				CLANG_ENABLE_OBJC_ARC = YES;
				CLANG_ENABLE_OBJC_WEAK = YES;
				CLANG_WARN_BLOCK_CAPTURE_AUTORELEASING = YES;
				CLANG_WARN_BOOL_CONVERSION = YES;
				CLANG_WARN_COMMA = YES;
				CLANG_WARN_CONSTANT_CONVERSION = YES;
				CLANG_WARN_DEPRECATED_OBJC_IMPLEMENTATIONS = YES;
				CLANG_WARN_DIRECT_OBJC_ISA_USAGE = YES_ERROR;
				CLANG_WARN_DOCUMENTATION_COMMENTS = YES;
				CLANG_WARN_EMPTY_BODY = YES;
				CLANG_WARN_ENUM_CONVERSION = YES;
				CLANG_WARN_INFINITE_RECURSION = YES;
				CLANG_WARN_INT_CONVERSION = YES;
				CLANG_WARN_NON_LITERAL_NULL_CONVERSION = YES;
				CLANG_WARN_OBJC_IMPLICIT_RETAIN_SELF = YES;
				CLANG_WARN_OBJC_LITERAL_CONVERSION = YES;
				CLANG_WARN_OBJC_ROOT_CLASS = YES_ERROR;
				CLANG_WARN_QUOTED_INCLUDE_IN_FRAMEWORK_HEADER = YES;
				CLANG_WARN_RANGE_LOOP_ANALYSIS = YES;
				CLANG_WARN_STRICT_PROTOTYPES = YES;
				CLANG_WARN_SUSPICIOUS_MOVE = YES;
				CLANG_WARN_UNGUARDED_AVAILABILITY = YES_AGGRESSIVE;
				CLANG_WARN_UNREACHABLE_CODE = YES;
				CLANG_WARN__DUPLICATE_METHOD_MATCH = YES;
				COPY_PHASE_STRIP = NO;
				DEBUG_INFORMATION_FORMAT = dwarf;
				ENABLE_STRICT_OBJC_MSGSEND = YES;
				ENABLE_TESTABILITY = YES;
				GCC_C_LANGUAGE_STANDARD = gnu11;
				GCC_DYNAMIC_NO_PIC = NO;
				GCC_NO_COMMON_BLOCKS = YES;
				GCC_OPTIMIZATION_LEVEL = 0;
				GCC_PREPROCESSOR_DEFINITIONS = (
					"DEBUG=1",
					"$(inherited)",
				);
				GCC_WARN_64_TO_32_BIT_CONVERSION = YES;
				GCC_WARN_ABOUT_RETURN_TYPE = YES_ERROR;
				GCC_WARN_UNDECLARED_SELECTOR = YES;
				GCC_WARN_UNINITIALIZED_AUTOS = YES_AGGRESSIVE;
				GCC_WARN_UNUSED_FUNCTION = YES;
				GCC_WARN_UNUSED_VARIABLE = YES;
				IPHONEOS_DEPLOYMENT_TARGET = 16.1;
				MTL_ENABLE_DEBUG_INFO = INCLUDE_SOURCE;
				MTL_FAST_MATH = YES;
				ONLY_ACTIVE_ARCH = YES;
				SDKROOT = iphoneos;
				SWIFT_ACTIVE_COMPILATION_CONDITIONS = DEBUG;
				SWIFT_OPTIMIZATION_LEVEL = "-Onone";
			};
			name = Debug;
		};
		70E8F3412A838A750043E585 /* Release */ = {
			isa = XCBuildConfiguration;
			buildSettings = {
				ALWAYS_SEARCH_USER_PATHS = NO;
				CLANG_ANALYZER_NONNULL = YES;
				CLANG_ANALYZER_NUMBER_OBJECT_CONVERSION = YES_AGGRESSIVE;
				CLANG_CXX_LANGUAGE_STANDARD = "gnu++20";
				CLANG_ENABLE_MODULES = YES;
				CLANG_ENABLE_OBJC_ARC = YES;
				CLANG_ENABLE_OBJC_WEAK = YES;
				CLANG_WARN_BLOCK_CAPTURE_AUTORELEASING = YES;
				CLANG_WARN_BOOL_CONVERSION = YES;
				CLANG_WARN_COMMA = YES;
				CLANG_WARN_CONSTANT_CONVERSION = YES;
				CLANG_WARN_DEPRECATED_OBJC_IMPLEMENTATIONS = YES;
				CLANG_WARN_DIRECT_OBJC_ISA_USAGE = YES_ERROR;
				CLANG_WARN_DOCUMENTATION_COMMENTS = YES;
				CLANG_WARN_EMPTY_BODY = YES;
				CLANG_WARN_ENUM_CONVERSION = YES;
				CLANG_WARN_INFINITE_RECURSION = YES;
				CLANG_WARN_INT_CONVERSION = YES;
				CLANG_WARN_NON_LITERAL_NULL_CONVERSION = YES;
				CLANG_WARN_OBJC_IMPLICIT_RETAIN_SELF = YES;
				CLANG_WARN_OBJC_LITERAL_CONVERSION = YES;
				CLANG_WARN_OBJC_ROOT_CLASS = YES_ERROR;
				CLANG_WARN_QUOTED_INCLUDE_IN_FRAMEWORK_HEADER = YES;
				CLANG_WARN_RANGE_LOOP_ANALYSIS = YES;
				CLANG_WARN_STRICT_PROTOTYPES = YES;
				CLANG_WARN_SUSPICIOUS_MOVE = YES;
				CLANG_WARN_UNGUARDED_AVAILABILITY = YES_AGGRESSIVE;
				CLANG_WARN_UNREACHABLE_CODE = YES;
				CLANG_WARN__DUPLICATE_METHOD_MATCH = YES;
				COPY_PHASE_STRIP = NO;
				DEBUG_INFORMATION_FORMAT = "dwarf-with-dsym";
				ENABLE_NS_ASSERTIONS = NO;
				ENABLE_STRICT_OBJC_MSGSEND = YES;
				GCC_C_LANGUAGE_STANDARD = gnu11;
				GCC_NO_COMMON_BLOCKS = YES;
				GCC_WARN_64_TO_32_BIT_CONVERSION = YES;
				GCC_WARN_ABOUT_RETURN_TYPE = YES_ERROR;
				GCC_WARN_UNDECLARED_SELECTOR = YES;
				GCC_WARN_UNINITIALIZED_AUTOS = YES_AGGRESSIVE;
				GCC_WARN_UNUSED_FUNCTION = YES;
				GCC_WARN_UNUSED_VARIABLE = YES;
				IPHONEOS_DEPLOYMENT_TARGET = 16.1;
				MTL_ENABLE_DEBUG_INFO = NO;
				MTL_FAST_MATH = YES;
				SDKROOT = iphoneos;
				SWIFT_COMPILATION_MODE = wholemodule;
				SWIFT_OPTIMIZATION_LEVEL = "-O";
				VALIDATE_PRODUCT = YES;
			};
			name = Release;
		};
		70E8F3432A838A750043E585 /* Debug */ = {
			isa = XCBuildConfiguration;
			buildSettings = {
				ASSETCATALOG_COMPILER_APPICON_NAME = AppIcon;
				ASSETCATALOG_COMPILER_GLOBAL_ACCENT_COLOR_NAME = AccentColor;
				CODE_SIGN_STYLE = Automatic;
				CURRENT_PROJECT_VERSION = 1;
				DEVELOPMENT_ASSET_PATHS = "\"CarSelectionAppCRUD/Preview Content\"";
				DEVELOPMENT_TEAM = "";
				ENABLE_PREVIEWS = YES;
				GENERATE_INFOPLIST_FILE = YES;
				INFOPLIST_KEY_UIApplicationSceneManifest_Generation = YES;
				INFOPLIST_KEY_UIApplicationSupportsIndirectInputEvents = YES;
				INFOPLIST_KEY_UILaunchScreen_Generation = YES;
				INFOPLIST_KEY_UISupportedInterfaceOrientations_iPad = "UIInterfaceOrientationPortrait UIInterfaceOrientationPortraitUpsideDown UIInterfaceOrientationLandscapeLeft UIInterfaceOrientationLandscapeRight";
				INFOPLIST_KEY_UISupportedInterfaceOrientations_iPhone = "UIInterfaceOrientationPortrait UIInterfaceOrientationLandscapeLeft UIInterfaceOrientationLandscapeRight";
				LD_RUNPATH_SEARCH_PATHS = (
					"$(inherited)",
					"@executable_path/Frameworks",
				);
				MARKETING_VERSION = 1.0;
				PRODUCT_BUNDLE_IDENTIFIER = misha.CarSelectionAppCRUD;
				PRODUCT_NAME = "$(TARGET_NAME)";
				SWIFT_EMIT_LOC_STRINGS = YES;
				SWIFT_VERSION = 5.0;
				TARGETED_DEVICE_FAMILY = "1,2";
			};
			name = Debug;
		};
		70E8F3442A838A750043E585 /* Release */ = {
			isa = XCBuildConfiguration;
			buildSettings = {
				ASSETCATALOG_COMPILER_APPICON_NAME = AppIcon;
				ASSETCATALOG_COMPILER_GLOBAL_ACCENT_COLOR_NAME = AccentColor;
				CODE_SIGN_STYLE = Automatic;
				CURRENT_PROJECT_VERSION = 1;
				DEVELOPMENT_ASSET_PATHS = "\"CarSelectionAppCRUD/Preview Content\"";
				DEVELOPMENT_TEAM = "";
				ENABLE_PREVIEWS = YES;
				GENERATE_INFOPLIST_FILE = YES;
				INFOPLIST_KEY_UIApplicationSceneManifest_Generation = YES;
				INFOPLIST_KEY_UIApplicationSupportsIndirectInputEvents = YES;
				INFOPLIST_KEY_UILaunchScreen_Generation = YES;
				INFOPLIST_KEY_UISupportedInterfaceOrientations_iPad = "UIInterfaceOrientationPortrait UIInterfaceOrientationPortraitUpsideDown UIInterfaceOrientationLandscapeLeft UIInterfaceOrientationLandscapeRight";
				INFOPLIST_KEY_UISupportedInterfaceOrientations_iPhone = "UIInterfaceOrientationPortrait UIInterfaceOrientationLandscapeLeft UIInterfaceOrientationLandscapeRight";
				LD_RUNPATH_SEARCH_PATHS = (
					"$(inherited)",
					"@executable_path/Frameworks",
				);
				MARKETING_VERSION = 1.0;
				PRODUCT_BUNDLE_IDENTIFIER = misha.CarSelectionAppCRUD;
				PRODUCT_NAME = "$(TARGET_NAME)";
				SWIFT_EMIT_LOC_STRINGS = YES;
				SWIFT_VERSION = 5.0;
				TARGETED_DEVICE_FAMILY = "1,2";
			};
			name = Release;
		};
/* End XCBuildConfiguration section */

/* Begin XCConfigurationList section */
		70E8F32A2A838A750043E585 /* Build configuration list for PBXProject "CarSelectionAppCRUD" */ = {
			isa = XCConfigurationList;
			buildConfigurations = (
				70E8F3402A838A750043E585 /* Debug */,
				70E8F3412A838A750043E585 /* Release */,
			);
			defaultConfigurationIsVisible = 0;
			defaultConfigurationName = Release;
		};
		70E8F3422A838A750043E585 /* Build configuration list for PBXNativeTarget "CarSelectionAppCRUD" */ = {
			isa = XCConfigurationList;
			buildConfigurations = (
				70E8F3432A838A750043E585 /* Debug */,
				70E8F3442A838A750043E585 /* Release */,
			);
			defaultConfigurationIsVisible = 0;
			defaultConfigurationName = Release;
		};
/* End XCConfigurationList section */

/* Begin XCRemoteSwiftPackageReference section */
		706B689E2A852FBF00A5A053 /* XCRemoteSwiftPackageReference "url-image" */ = {
			isa = XCRemoteSwiftPackageReference;
			repositoryURL = "https://github.com/dmytro-anokhin/url-image";
			requirement = {
				branch = main;
				kind = branch;
			};
		};
		70E8F3472A84DF890043E585 /* XCRemoteSwiftPackageReference "firebase-ios-sdk" */ = {
			isa = XCRemoteSwiftPackageReference;
			repositoryURL = "https://github.com/firebase/firebase-ios-sdk";
			requirement = {
				kind = upToNextMajorVersion;
				minimumVersion = 9.0.0;
			};
		};
/* End XCRemoteSwiftPackageReference section */

/* Begin XCSwiftPackageProductDependency section */
		706B689F2A852FBF00A5A053 /* URLImage */ = {
			isa = XCSwiftPackageProductDependency;
			package = 706B689E2A852FBF00A5A053 /* XCRemoteSwiftPackageReference "url-image" */;
			productName = URLImage;
		};
		70E8F3482A84DF890043E585 /* FirebaseDatabase */ = {
			isa = XCSwiftPackageProductDependency;
			package = 70E8F3472A84DF890043E585 /* XCRemoteSwiftPackageReference "firebase-ios-sdk" */;
			productName = FirebaseDatabase;
		};
		70E8F34A2A84DF890043E585 /* FirebaseFirestore */ = {
			isa = XCSwiftPackageProductDependency;
			package = 70E8F3472A84DF890043E585 /* XCRemoteSwiftPackageReference "firebase-ios-sdk" */;
			productName = FirebaseFirestore;
		};
		70E8F34C2A84DF890043E585 /* FirebaseFirestoreSwift */ = {
			isa = XCSwiftPackageProductDependency;
			package = 70E8F3472A84DF890043E585 /* XCRemoteSwiftPackageReference "firebase-ios-sdk" */;
			productName = FirebaseFirestoreSwift;
		};
/* End XCSwiftPackageProductDependency section */

/* Begin XCVersionGroup section */
		70E8F33D2A838A750043E585 /* CarSelectionAppCRUD.xcdatamodeld */ = {
			isa = XCVersionGroup;
			children = (
				70E8F33E2A838A750043E585 /* CarSelectionAppCRUD.xcdatamodel */,
			);
			currentVersion = 70E8F33E2A838A750043E585 /* CarSelectionAppCRUD.xcdatamodel */;
			path = CarSelectionAppCRUD.xcdatamodeld;
			sourceTree = "<group>";
			versionGroupType = wrapper.xcdatamodel;
		};
/* End XCVersionGroup section */
	};
	rootObject = 70E8F3272A838A750043E585 /* Project object */;
}
